
Microsoft Visual Studio Solution File, Format Version 12.00
# Visual Studio Version 17
VisualStudioVersion = 17.3.32819.101
MinimumVisualStudioVersion = 10.0.40219.1
Project("{FAE04EC0-301F-11D3-BF4B-00C04F79EFBC}") = "SalesWebV2", "SalesWebV2\SalesWebV2.csproj", "{B9142CCF-0453-4AB1-974A-5FE799339ADC}"
EndProject
Global
	GlobalSection(SolutionConfigurationPlatforms) = preSolution
		Debug|Any CPU = Debug|Any CPU
		Release|Any CPU = Release|Any CPU
	EndGlobalSection
	GlobalSection(ProjectConfigurationPlatforms) = postSolution
		{B9142CCF-0453-4AB1-974A-5FE799339ADC}.Debug|Any CPU.ActiveCfg = Debug|Any CPU
		{B9142CCF-0453-4AB1-974A-5FE799339ADC}.Debug|Any CPU.Build.0 = Debug|Any CPU
		{B9142CCF-0453-4AB1-974A-5FE799339ADC}.Release|Any CPU.ActiveCfg = Release|Any CPU
		{B9142CCF-0453-4AB1-974A-5FE799339ADC}.Release|Any CPU.Build.0 = Release|Any CPU
	EndGlobalSection
	GlobalSection(SolutionProperties) = preSolution
		HideSolutionNode = FALSE
	EndGlobalSection
	GlobalSection(ExtensibilityGlobals) = postSolution
		SolutionGuid = {7BA2BF3C-607F-438A-8329-32E117FBA825}
	EndGlobalSection
EndGlobal
